{
  "nodes": {
    "nix-flatpak": {
      "locked": {
        "lastModified": 1708160610,
        "narHash": "sha256-vbtzx0c9R52p3SBjvkz4Iw5Jz1VUm751UDwY1XMCqQ0=",
        "owner": "gmodena",
        "repo": "nix-flatpak",
        "rev": "e23d1d1f3c42e76f1d2f904838aaf4d49578be9e",
        "type": "github"
      },
      "original": {
        "owner": "gmodena",
        "repo": "nix-flatpak",
        "type": "github"
      }
    },
    "nixpkgs": {
      "locked": {
        "lastModified": 1708118438,
        "narHash": "sha256-kk9/0nuVgA220FcqH/D2xaN6uGyHp/zoxPNUmPCMmEE=",
        "owner": "nixos",
        "repo": "nixpkgs",
        "rev": "5863c27340ba4de8f83e7e3c023b9599c3cb3c80",
        "type": "github"
      },
      "original": {
        "owner": "nixos",
        "ref": "nixos-unstable",
        "repo": "nixpkgs",
        "type": "github"
      }
    },
    "root": {
      "inputs": {
        "nix-flatpak": "nix-flatpak",
        "nixpkgs": "nixpkgs"
      }
    }
  },
  "root": "root",
  "version": 7
}
